
Microsoft Visual Studio Solution File, Format Version 12.00
# Visual Studio Version 16
VisualStudioVersion = 16.0.31624.102
MinimumVisualStudioVersion = 10.0.40219.1
Project("{9A19103F-16F7-4668-BE54-9A1E7A4F7556}") = "MySite.Data", "MySite.Data\MySite.Data.csproj", "{72A7942A-0ED0-431B-BCA4-AA9AB7944E82}"
EndProject
Project("{9A19103F-16F7-4668-BE54-9A1E7A4F7556}") = "MySite.Entity", "MySite.Entity\MySite.Entity.csproj", "{A1FCA3B4-2FF3-4E1C-A90C-CA5056078C8A}"
EndProject
Project("{9A19103F-16F7-4668-BE54-9A1E7A4F7556}") = "WebCRUD", "WebCRUD\WebCRUD.csproj", "{D31A756F-029F-4D82-9F06-D1A22B466B41}"
EndProject
Project("{FAE04EC0-301F-11D3-BF4B-00C04F79EFBC}") = "MySite.FreamWork", "MySite.FreamWork\MySite.FreamWork.csproj", "{012BDB81-4028-4802-9AFC-3A4442A45AB9}"
EndProject
Global
	GlobalSection(SolutionConfigurationPlatforms) = preSolution
		Debug|Any CPU = Debug|Any CPU
		Release|Any CPU = Release|Any CPU
	EndGlobalSection
	GlobalSection(ProjectConfigurationPlatforms) = postSolution
		{72A7942A-0ED0-431B-BCA4-AA9AB7944E82}.Debug|Any CPU.ActiveCfg = Debug|Any CPU
		{72A7942A-0ED0-431B-BCA4-AA9AB7944E82}.Debug|Any CPU.Build.0 = Debug|Any CPU
		{72A7942A-0ED0-431B-BCA4-AA9AB7944E82}.Release|Any CPU.ActiveCfg = Release|Any CPU
		{72A7942A-0ED0-431B-BCA4-AA9AB7944E82}.Release|Any CPU.Build.0 = Release|Any CPU
		{A1FCA3B4-2FF3-4E1C-A90C-CA5056078C8A}.Debug|Any CPU.ActiveCfg = Debug|Any CPU
		{A1FCA3B4-2FF3-4E1C-A90C-CA5056078C8A}.Debug|Any CPU.Build.0 = Debug|Any CPU
		{A1FCA3B4-2FF3-4E1C-A90C-CA5056078C8A}.Release|Any CPU.ActiveCfg = Release|Any CPU
		{A1FCA3B4-2FF3-4E1C-A90C-CA5056078C8A}.Release|Any CPU.Build.0 = Release|Any CPU
		{D31A756F-029F-4D82-9F06-D1A22B466B41}.Debug|Any CPU.ActiveCfg = Debug|Any CPU
		{D31A756F-029F-4D82-9F06-D1A22B466B41}.Debug|Any CPU.Build.0 = Debug|Any CPU
		{D31A756F-029F-4D82-9F06-D1A22B466B41}.Release|Any CPU.ActiveCfg = Release|Any CPU
		{D31A756F-029F-4D82-9F06-D1A22B466B41}.Release|Any CPU.Build.0 = Release|Any CPU
		{012BDB81-4028-4802-9AFC-3A4442A45AB9}.Debug|Any CPU.ActiveCfg = Debug|Any CPU
		{012BDB81-4028-4802-9AFC-3A4442A45AB9}.Debug|Any CPU.Build.0 = Debug|Any CPU
		{012BDB81-4028-4802-9AFC-3A4442A45AB9}.Release|Any CPU.ActiveCfg = Release|Any CPU
		{012BDB81-4028-4802-9AFC-3A4442A45AB9}.Release|Any CPU.Build.0 = Release|Any CPU
	EndGlobalSection
	GlobalSection(SolutionProperties) = preSolution
		HideSolutionNode = FALSE
	EndGlobalSection
	GlobalSection(ExtensibilityGlobals) = postSolution
		SolutionGuid = {58EA7018-4978-44C8-99F6-582CB44C8A2A}
	EndGlobalSection
EndGlobal
